github.com/akaporn-katip/gohex/broker v0.1.0 h1:+Q9EznbS09VeqO87QOpk79kfa0yaaPQTJJwN/3VJxFQ=
github.com/akaporn-katip/gohex/broker v0.1.0/go.mod h1:3x0RUTSiuv0Rvu6tWTDyHyZh+1oPj1D/WBGpgqlSLjo=
github.com/akaporn-katip/gohex/cqrs v0.1.0 h1:dSjpXm6QCPK68Cxn104Qt1TwUBZ00EA+GCBfTAMs5is=
github.com/akaporn-katip/gohex/cqrs v0.1.0/go.mod h1:2t+qjbbNbQQY6Z10B6stwljGHT8E/V1el+HHFD2wo0Q=
github.com/akaporn-katip/gohex/eventstore v0.1.0 h1:e2sTzr2OsHVmboud9VzRtjQQj7s4e3EXNl7xy3cbP0g=
github.com/akaporn-katip/gohex/eventstore v0.1.0/go.mod h1:s6Lg72KaA8siNrSqzMyhnKlYtd352l0xGMdPZG8lw08=
github.com/akaporn-katip/gohex/kernel v0.1.0 h1:a+1Fl0lBphLXdSJ6uHTC8+668hJqnSvLVt4vV4Z5y50=
github.com/akaporn-katip/gohex/kernel v0.1.0/go.mod h1:XrhNlorYqiV+WW0pZraeiDdshS2X5PwxRZv0zYZ9Yl4=
github.com/akaporn-katip/gohex/relay v0.1.0 h1:pqNaVrnjAJLJlKDvs7g4GZ+0LxKSUYbODHwcNX5JVSo=
github.com/akaporn-katip/gohex/relay v0.1.0/go.mod h1:sALCZKj1/EEXJrUK+uh8az4PhTMPVGHjdUI5WlA2vj8=
