github.com/akaporn-katip/gohex/broker v0.1.0 h1:+Q9EznbS09VeqO87QOpk79kfa0yaaPQTJJwN/3VJxFQ=
github.com/akaporn-katip/gohex/broker v0.1.0/go.mod h1:3x0RUTSiuv0Rvu6tWTDyHyZh+1oPj1D/WBGpgqlSLjo=
github.com/akaporn-katip/gohex/kernel v0.1.0 h1:a+1Fl0lBphLXdSJ6uHTC8+668hJqnSvLVt4vV4Z5y50=
github.com/akaporn-katip/gohex/kernel v0.1.0/go.mod h1:XrhNlorYqiV+WW0pZraeiDdshS2X5PwxRZv0zYZ9Yl4=
